Microsoft Visual Studio Solution File, Format Version 12.00
# Visual Studio Version 16
VisualStudioVersion = 16.0.0.0
MinimumVisualStudioVersion = 16.0.0.0
Project("{9A19103F-16F7-4668-BE54-9A1E7A4F7556}") = "ClubLogBook.Server", "ClubLogBook.Server\ClubLogBook.Server.csproj", "{1BB79B82-519D-479E-91DB-3984C71A5A50}"
EndProject
Project("{9A19103F-16F7-4668-BE54-9A1E7A4F7556}") = "ClubLogBook.Client", "ClubLogBook.Client\ClubLogBook.Client.csproj", "{BC5BE25C-E8C1-4DDA-BA37-47129DA2844B}"
EndProject
Project("{9A19103F-16F7-4668-BE54-9A1E7A4F7556}") = "ClubLogBook.Shared", "ClubLogBook.Shared\ClubLogBook.Shared.csproj", "{10C5F5DE-4DB1-4368-837B-3A90394073E4}"
EndProject
Project("{2150E333-8FDC-42A3-9474-1A3956D46DE8}") = "Solution Items", "Solution Items", "{AEF7B30E-455F-4804-A644-92FC6CE88FA9}"
	ProjectSection(SolutionItems) = preProject
		MigrationDoc.txt = MigrationDoc.txt
		README.md = README.md
	EndProjectSection
EndProject
Project("{9A19103F-16F7-4668-BE54-9A1E7A4F7556}") = "ClubLogBook.Core", "clubLogBook.Core\ClubLogBook.Core.csproj", "{BAD3181B-1384-4DEC-9B25-E94572720FE3}"
EndProject
Project("{9A19103F-16F7-4668-BE54-9A1E7A4F7556}") = "ClubLogBook.Infrastructure", "ClubLogBook.Infrastructure\ClubLogBook.Infrastructure.csproj", "{1C493469-E0A7-436F-8DC1-0C9DD3059FB0}"
EndProject
Project("{9A19103F-16F7-4668-BE54-9A1E7A4F7556}") = "UnitsTest", "UnitsTest\UnitsTest.csproj", "{F223FE8B-4CD2-4D86-8592-1F7E3D804C6D}"
EndProject
Project("{9A19103F-16F7-4668-BE54-9A1E7A4F7556}") = "NodaTimePicker", "NodaTimePicker\NodaTimePicker.csproj", "{EA7B3DD1-93A7-44F3-AFF8-022576B1566E}"
EndProject
Project("{9A19103F-16F7-4668-BE54-9A1E7A4F7556}") = "NUnitTestProject1", "NUnitTestProject1\NUnitTestProject1.csproj", "{DB2D8C3B-6401-4EDC-9BC9-20ED2ACE58AE}"
EndProject
Project("{9A19103F-16F7-4668-BE54-9A1E7A4F7556}") = "ClubLogBook.Application", "ClubLogBook.Application\ClubLogBook.Application.csproj", "{6473DFB2-8280-47D0-8F37-96A685425C06}"
EndProject
Global
	GlobalSection(SolutionConfigurationPlatforms) = preSolution
		Debug|Any CPU = Debug|Any CPU
		Debug|x64 = Debug|x64
		Debug|x86 = Debug|x86
		Release|Any CPU = Release|Any CPU
		Release|x64 = Release|x64
		Release|x86 = Release|x86
	EndGlobalSection
	GlobalSection(ProjectConfigurationPlatforms) = postSolution
		{1BB79B82-519D-479E-91DB-3984C71A5A50}.Debug|Any CPU.ActiveCfg = Debug|Any CPU
		{1BB79B82-519D-479E-91DB-3984C71A5A50}.Debug|Any CPU.Build.0 = Debug|Any CPU
		{1BB79B82-519D-479E-91DB-3984C71A5A50}.Debug|x64.ActiveCfg = Debug|Any CPU
		{1BB79B82-519D-479E-91DB-3984C71A5A50}.Debug|x64.Build.0 = Debug|Any CPU
		{1BB79B82-519D-479E-91DB-3984C71A5A50}.Debug|x86.ActiveCfg = Debug|Any CPU
		{1BB79B82-519D-479E-91DB-3984C71A5A50}.Debug|x86.Build.0 = Debug|Any CPU
		{1BB79B82-519D-479E-91DB-3984C71A5A50}.Release|Any CPU.ActiveCfg = Release|Any CPU
		{1BB79B82-519D-479E-91DB-3984C71A5A50}.Release|Any CPU.Build.0 = Release|Any CPU
		{1BB79B82-519D-479E-91DB-3984C71A5A50}.Release|x64.ActiveCfg = Release|Any CPU
		{1BB79B82-519D-479E-91DB-3984C71A5A50}.Release|x64.Build.0 = Release|Any CPU
		{1BB79B82-519D-479E-91DB-3984C71A5A50}.Release|x86.ActiveCfg = Release|Any CPU
		{1BB79B82-519D-479E-91DB-3984C71A5A50}.Release|x86.Build.0 = Release|Any CPU
		{BC5BE25C-E8C1-4DDA-BA37-47129DA2844B}.Debug|Any CPU.ActiveCfg = Debug|Any CPU
		{BC5BE25C-E8C1-4DDA-BA37-47129DA2844B}.Debug|Any CPU.Build.0 = Debug|Any CPU
		{BC5BE25C-E8C1-4DDA-BA37-47129DA2844B}.Debug|x64.ActiveCfg = Debug|Any CPU
		{BC5BE25C-E8C1-4DDA-BA37-47129DA2844B}.Debug|x64.Build.0 = Debug|Any CPU
		{BC5BE25C-E8C1-4DDA-BA37-47129DA2844B}.Debug|x86.ActiveCfg = Debug|Any CPU
		{BC5BE25C-E8C1-4DDA-BA37-47129DA2844B}.Debug|x86.Build.0 = Debug|Any CPU
		{BC5BE25C-E8C1-4DDA-BA37-47129DA2844B}.Release|Any CPU.ActiveCfg = Release|Any CPU
		{BC5BE25C-E8C1-4DDA-BA37-47129DA2844B}.Release|Any CPU.Build.0 = Release|Any CPU
		{BC5BE25C-E8C1-4DDA-BA37-47129DA2844B}.Release|x64.ActiveCfg = Release|Any CPU
		{BC5BE25C-E8C1-4DDA-BA37-47129DA2844B}.Release|x64.Build.0 = Release|Any CPU
		{BC5BE25C-E8C1-4DDA-BA37-47129DA2844B}.Release|x86.ActiveCfg = Release|Any CPU
		{BC5BE25C-E8C1-4DDA-BA37-47129DA2844B}.Release|x86.Build.0 = Release|Any CPU
		{10C5F5DE-4DB1-4368-837B-3A90394073E4}.Debug|Any CPU.ActiveCfg = Debug|Any CPU
		{10C5F5DE-4DB1-4368-837B-3A90394073E4}.Debug|Any CPU.Build.0 = Debug|Any CPU
		{10C5F5DE-4DB1-4368-837B-3A90394073E4}.Debug|x64.ActiveCfg = Debug|Any CPU
		{10C5F5DE-4DB1-4368-837B-3A90394073E4}.Debug|x64.Build.0 = Debug|Any CPU
		{10C5F5DE-4DB1-4368-837B-3A90394073E4}.Debug|x86.ActiveCfg = Debug|Any CPU
		{10C5F5DE-4DB1-4368-837B-3A90394073E4}.Debug|x86.Build.0 = Debug|Any CPU
		{10C5F5DE-4DB1-4368-837B-3A90394073E4}.Release|Any CPU.ActiveCfg = Release|Any CPU
		{10C5F5DE-4DB1-4368-837B-3A90394073E4}.Release|Any CPU.Build.0 = Release|Any CPU
		{10C5F5DE-4DB1-4368-837B-3A90394073E4}.Release|x64.ActiveCfg = Release|Any CPU
		{10C5F5DE-4DB1-4368-837B-3A90394073E4}.Release|x64.Build.0 = Release|Any CPU
		{10C5F5DE-4DB1-4368-837B-3A90394073E4}.Release|x86.ActiveCfg = Release|Any CPU
		{10C5F5DE-4DB1-4368-837B-3A90394073E4}.Release|x86.Build.0 = Release|Any CPU
		{BAD3181B-1384-4DEC-9B25-E94572720FE3}.Debug|Any CPU.ActiveCfg = Debug|Any CPU
		{BAD3181B-1384-4DEC-9B25-E94572720FE3}.Debug|Any CPU.Build.0 = Debug|Any CPU
		{BAD3181B-1384-4DEC-9B25-E94572720FE3}.Debug|x64.ActiveCfg = Debug|Any CPU
		{BAD3181B-1384-4DEC-9B25-E94572720FE3}.Debug|x64.Build.0 = Debug|Any CPU
		{BAD3181B-1384-4DEC-9B25-E94572720FE3}.Debug|x86.ActiveCfg = Debug|Any CPU
		{BAD3181B-1384-4DEC-9B25-E94572720FE3}.Debug|x86.Build.0 = Debug|Any CPU
		{BAD3181B-1384-4DEC-9B25-E94572720FE3}.Release|Any CPU.ActiveCfg = Release|Any CPU
		{BAD3181B-1384-4DEC-9B25-E94572720FE3}.Release|Any CPU.Build.0 = Release|Any CPU
		{BAD3181B-1384-4DEC-9B25-E94572720FE3}.Release|x64.ActiveCfg = Release|Any CPU
		{BAD3181B-1384-4DEC-9B25-E94572720FE3}.Release|x64.Build.0 = Release|Any CPU
		{BAD3181B-1384-4DEC-9B25-E94572720FE3}.Release|x86.ActiveCfg = Release|Any CPU
		{BAD3181B-1384-4DEC-9B25-E94572720FE3}.Release|x86.Build.0 = Release|Any CPU
		{1C493469-E0A7-436F-8DC1-0C9DD3059FB0}.Debug|Any CPU.ActiveCfg = Debug|Any CPU
		{1C493469-E0A7-436F-8DC1-0C9DD3059FB0}.Debug|Any CPU.Build.0 = Debug|Any CPU
		{1C493469-E0A7-436F-8DC1-0C9DD3059FB0}.Debug|x64.ActiveCfg = Debug|Any CPU
		{1C493469-E0A7-436F-8DC1-0C9DD3059FB0}.Debug|x64.Build.0 = Debug|Any CPU
		{1C493469-E0A7-436F-8DC1-0C9DD3059FB0}.Debug|x86.ActiveCfg = Debug|Any CPU
		{1C493469-E0A7-436F-8DC1-0C9DD3059FB0}.Debug|x86.Build.0 = Debug|Any CPU
		{1C493469-E0A7-436F-8DC1-0C9DD3059FB0}.Release|Any CPU.ActiveCfg = Release|Any CPU
		{1C493469-E0A7-436F-8DC1-0C9DD3059FB0}.Release|Any CPU.Build.0 = Release|Any CPU
		{1C493469-E0A7-436F-8DC1-0C9DD3059FB0}.Release|x64.ActiveCfg = Release|Any CPU
		{1C493469-E0A7-436F-8DC1-0C9DD3059FB0}.Release|x64.Build.0 = Release|Any CPU
		{1C493469-E0A7-436F-8DC1-0C9DD3059FB0}.Release|x86.ActiveCfg = Release|Any CPU
		{1C493469-E0A7-436F-8DC1-0C9DD3059FB0}.Release|x86.Build.0 = Release|Any CPU
		{F223FE8B-4CD2-4D86-8592-1F7E3D804C6D}.Debug|Any CPU.ActiveCfg = Debug|Any CPU
		{F223FE8B-4CD2-4D86-8592-1F7E3D804C6D}.Debug|Any CPU.Build.0 = Debug|Any CPU
		{F223FE8B-4CD2-4D86-8592-1F7E3D804C6D}.Debug|x64.ActiveCfg = Debug|Any CPU
		{F223FE8B-4CD2-4D86-8592-1F7E3D804C6D}.Debug|x64.Build.0 = Debug|Any CPU
		{F223FE8B-4CD2-4D86-8592-1F7E3D804C6D}.Debug|x86.ActiveCfg = Debug|Any CPU
		{F223FE8B-4CD2-4D86-8592-1F7E3D804C6D}.Debug|x86.Build.0 = Debug|Any CPU
		{F223FE8B-4CD2-4D86-8592-1F7E3D804C6D}.Release|Any CPU.ActiveCfg = Release|Any CPU
		{F223FE8B-4CD2-4D86-8592-1F7E3D804C6D}.Release|Any CPU.Build.0 = Release|Any CPU
		{F223FE8B-4CD2-4D86-8592-1F7E3D804C6D}.Release|x64.ActiveCfg = Release|Any CPU
		{F223FE8B-4CD2-4D86-8592-1F7E3D804C6D}.Release|x64.Build.0 = Release|Any CPU
		{F223FE8B-4CD2-4D86-8592-1F7E3D804C6D}.Release|x86.ActiveCfg = Release|Any CPU
		{F223FE8B-4CD2-4D86-8592-1F7E3D804C6D}.Release|x86.Build.0 = Release|Any CPU
		{EA7B3DD1-93A7-44F3-AFF8-022576B1566E}.Debug|Any CPU.ActiveCfg = Debug|Any CPU
		{EA7B3DD1-93A7-44F3-AFF8-022576B1566E}.Debug|Any CPU.Build.0 = Debug|Any CPU
		{EA7B3DD1-93A7-44F3-AFF8-022576B1566E}.Debug|x64.ActiveCfg = Debug|Any CPU
		{EA7B3DD1-93A7-44F3-AFF8-022576B1566E}.Debug|x64.Build.0 = Debug|Any CPU
		{EA7B3DD1-93A7-44F3-AFF8-022576B1566E}.Debug|x86.ActiveCfg = Debug|Any CPU
		{EA7B3DD1-93A7-44F3-AFF8-022576B1566E}.Debug|x86.Build.0 = Debug|Any CPU
		{EA7B3DD1-93A7-44F3-AFF8-022576B1566E}.Release|Any CPU.ActiveCfg = Release|Any CPU
		{EA7B3DD1-93A7-44F3-AFF8-022576B1566E}.Release|Any CPU.Build.0 = Release|Any CPU
		{EA7B3DD1-93A7-44F3-AFF8-022576B1566E}.Release|x64.ActiveCfg = Release|Any CPU
		{EA7B3DD1-93A7-44F3-AFF8-022576B1566E}.Release|x64.Build.0 = Release|Any CPU
		{EA7B3DD1-93A7-44F3-AFF8-022576B1566E}.Release|x86.ActiveCfg = Release|Any CPU
		{EA7B3DD1-93A7-44F3-AFF8-022576B1566E}.Release|x86.Build.0 = Release|Any CPU
		{DB2D8C3B-6401-4EDC-9BC9-20ED2ACE58AE}.Debug|Any CPU.ActiveCfg = Debug|Any CPU
		{DB2D8C3B-6401-4EDC-9BC9-20ED2ACE58AE}.Debug|Any CPU.Build.0 = Debug|Any CPU
		{DB2D8C3B-6401-4EDC-9BC9-20ED2ACE58AE}.Debug|x64.ActiveCfg = Debug|Any CPU
		{DB2D8C3B-6401-4EDC-9BC9-20ED2ACE58AE}.Debug|x64.Build.0 = Debug|Any CPU
		{DB2D8C3B-6401-4EDC-9BC9-20ED2ACE58AE}.Debug|x86.ActiveCfg = Debug|Any CPU
		{DB2D8C3B-6401-4EDC-9BC9-20ED2ACE58AE}.Debug|x86.Build.0 = Debug|Any CPU
		{DB2D8C3B-6401-4EDC-9BC9-20ED2ACE58AE}.Release|Any CPU.ActiveCfg = Release|Any CPU
		{DB2D8C3B-6401-4EDC-9BC9-20ED2ACE58AE}.Release|Any CPU.Build.0 = Release|Any CPU
		{DB2D8C3B-6401-4EDC-9BC9-20ED2ACE58AE}.Release|x64.ActiveCfg = Release|Any CPU
		{DB2D8C3B-6401-4EDC-9BC9-20ED2ACE58AE}.Release|x64.Build.0 = Release|Any CPU
		{DB2D8C3B-6401-4EDC-9BC9-20ED2ACE58AE}.Release|x86.ActiveCfg = Release|Any CPU
		{DB2D8C3B-6401-4EDC-9BC9-20ED2ACE58AE}.Release|x86.Build.0 = Release|Any CPU
		{6473DFB2-8280-47D0-8F37-96A685425C06}.Debug|Any CPU.ActiveCfg = Debug|Any CPU
		{6473DFB2-8280-47D0-8F37-96A685425C06}.Debug|Any CPU.Build.0 = Debug|Any CPU
		{6473DFB2-8280-47D0-8F37-96A685425C06}.Debug|x64.ActiveCfg = Debug|Any CPU
		{6473DFB2-8280-47D0-8F37-96A685425C06}.Debug|x64.Build.0 = Debug|Any CPU
		{6473DFB2-8280-47D0-8F37-96A685425C06}.Debug|x86.ActiveCfg = Debug|Any CPU
		{6473DFB2-8280-47D0-8F37-96A685425C06}.Debug|x86.Build.0 = Debug|Any CPU
		{6473DFB2-8280-47D0-8F37-96A685425C06}.Release|Any CPU.ActiveCfg = Release|Any CPU
		{6473DFB2-8280-47D0-8F37-96A685425C06}.Release|Any CPU.Build.0 = Release|Any CPU
		{6473DFB2-8280-47D0-8F37-96A685425C06}.Release|x64.ActiveCfg = Release|Any CPU
		{6473DFB2-8280-47D0-8F37-96A685425C06}.Release|x64.Build.0 = Release|Any CPU
		{6473DFB2-8280-47D0-8F37-96A685425C06}.Release|x86.ActiveCfg = Release|Any CPU
		{6473DFB2-8280-47D0-8F37-96A685425C06}.Release|x86.Build.0 = Release|Any CPU
	EndGlobalSection
	GlobalSection(SolutionProperties) = preSolution
		HideSolutionNode = FALSE
	EndGlobalSection
	GlobalSection(ExtensibilityGlobals) = postSolution
		SolutionGuid = {75F45143-A365-4C32-A2D5-56BDADCE76CC}
	EndGlobalSection
EndGlobal
